
Microsoft Visual Studio Solution File, Format Version 12.00
# Visual Studio Version 16
VisualStudioVersion = 25.0.1706.7
MinimumVisualStudioVersion = 10.0.40219.1
Project("{FAE04EC0-301F-11D3-BF4B-00C04F79EFBC}") = "werktools", "werktools\werktools.csproj", "{9E28F996-ACD2-46AB-BA5F-26BA18CC1BB4}"
EndProject
Global
	GlobalSection(SolutionConfigurationPlatforms) = preSolution
		Debug|Any CPU = Debug|Any CPU
		Release|Any CPU = Release|Any CPU
	EndGlobalSection
	GlobalSection(ProjectConfigurationPlatforms) = postSolution
		{9E28F996-ACD2-46AB-BA5F-26BA18CC1BB4}.Debug|Any CPU.ActiveCfg = Debug|Any CPU
		{9E28F996-ACD2-46AB-BA5F-26BA18CC1BB4}.Debug|Any CPU.Build.0 = Debug|Any CPU
		{9E28F996-ACD2-46AB-BA5F-26BA18CC1BB4}.Release|Any CPU.ActiveCfg = Release|Any CPU
		{9E28F996-ACD2-46AB-BA5F-26BA18CC1BB4}.Release|Any CPU.Build.0 = Release|Any CPU
	EndGlobalSection
	GlobalSection(SolutionProperties) = preSolution
		HideSolutionNode = FALSE
	EndGlobalSection
	GlobalSection(ExtensibilityGlobals) = postSolution
		SolutionGuid = {BEE02FAB-21A8-4028-A361-C364E40FEC9B}
	EndGlobalSection
EndGlobal
